
Microsoft Visual Studio Solution File, Format Version 12.00
# Visual Studio Version 17
VisualStudioVersion = 17.2.32630.192
MinimumVisualStudioVersion = 10.0.40219.1
Project("{FAE04EC0-301F-11D3-BF4B-00C04F79EFBC}") = "Ejercicio1", "Ejercicio1\Ejercicio1.csproj", "{A219E4E8-D767-4899-8786-4CE61592B58D}"
EndProject
Global
	GlobalSection(SolutionConfigurationPlatforms) = preSolution
		Debug|Any CPU = Debug|Any CPU
		Release|Any CPU = Release|Any CPU
	EndGlobalSection
	GlobalSection(ProjectConfigurationPlatforms) = postSolution
		{A219E4E8-D767-4899-8786-4CE61592B58D}.Debug|Any CPU.ActiveCfg = Debug|Any CPU
		{A219E4E8-D767-4899-8786-4CE61592B58D}.Debug|Any CPU.Build.0 = Debug|Any CPU
		{A219E4E8-D767-4899-8786-4CE61592B58D}.Release|Any CPU.ActiveCfg = Release|Any CPU
		{A219E4E8-D767-4899-8786-4CE61592B58D}.Release|Any CPU.Build.0 = Release|Any CPU
	EndGlobalSection
	GlobalSection(SolutionProperties) = preSolution
		HideSolutionNode = FALSE
	EndGlobalSection
	GlobalSection(ExtensibilityGlobals) = postSolution
		SolutionGuid = {F5E9D65D-A4CE-45AE-8D6C-AB5B8074948C}
	EndGlobalSection
EndGlobal
