
Microsoft Visual Studio Solution File, Format Version 12.00
# Visual Studio Version 17
VisualStudioVersion = 17.2.32630.192
MinimumVisualStudioVersion = 10.0.40219.1
Project("{FAE04EC0-301F-11D3-BF4B-00C04F79EFBC}") = "Ejercicio1", "Ejercicio1\Ejercicio1.csproj", "{868A3CEC-98A2-4CDB-A740-B09145FE5EB0}"
EndProject
Global
	GlobalSection(SolutionConfigurationPlatforms) = preSolution
		Debug|Any CPU = Debug|Any CPU
		Release|Any CPU = Release|Any CPU
	EndGlobalSection
	GlobalSection(ProjectConfigurationPlatforms) = postSolution
		{868A3CEC-98A2-4CDB-A740-B09145FE5EB0}.Debug|Any CPU.ActiveCfg = Debug|Any CPU
		{868A3CEC-98A2-4CDB-A740-B09145FE5EB0}.Debug|Any CPU.Build.0 = Debug|Any CPU
		{868A3CEC-98A2-4CDB-A740-B09145FE5EB0}.Release|Any CPU.ActiveCfg = Release|Any CPU
		{868A3CEC-98A2-4CDB-A740-B09145FE5EB0}.Release|Any CPU.Build.0 = Release|Any CPU
	EndGlobalSection
	GlobalSection(SolutionProperties) = preSolution
		HideSolutionNode = FALSE
	EndGlobalSection
	GlobalSection(ExtensibilityGlobals) = postSolution
		SolutionGuid = {7721B736-1A27-41F8-A62E-309ECB6A3590}
	EndGlobalSection
EndGlobal
