
Microsoft Visual Studio Solution File, Format Version 12.00
# Visual Studio Version 17
VisualStudioVersion = 17.2.32630.192
MinimumVisualStudioVersion = 10.0.40219.1
Project("{FAE04EC0-301F-11D3-BF4B-00C04F79EFBC}") = "Ejercicio3", "Ejercicio3\Ejercicio3.csproj", "{02749A51-146A-48F9-B1F9-6A390FFE44BF}"
EndProject
Global
	GlobalSection(SolutionConfigurationPlatforms) = preSolution
		Debug|Any CPU = Debug|Any CPU
		Release|Any CPU = Release|Any CPU
	EndGlobalSection
	GlobalSection(ProjectConfigurationPlatforms) = postSolution
		{02749A51-146A-48F9-B1F9-6A390FFE44BF}.Debug|Any CPU.ActiveCfg = Debug|Any CPU
		{02749A51-146A-48F9-B1F9-6A390FFE44BF}.Debug|Any CPU.Build.0 = Debug|Any CPU
		{02749A51-146A-48F9-B1F9-6A390FFE44BF}.Release|Any CPU.ActiveCfg = Release|Any CPU
		{02749A51-146A-48F9-B1F9-6A390FFE44BF}.Release|Any CPU.Build.0 = Release|Any CPU
	EndGlobalSection
	GlobalSection(SolutionProperties) = preSolution
		HideSolutionNode = FALSE
	EndGlobalSection
	GlobalSection(ExtensibilityGlobals) = postSolution
		SolutionGuid = {52285E15-AAC5-4313-BE23-0CE7A72C282E}
	EndGlobalSection
EndGlobal
